
Microsoft Visual Studio Solution File, Format Version 12.00
# Visual Studio 15
VisualStudioVersion = 15.0.28010.2016
MinimumVisualStudioVersion = 10.0.40219.1
Project("{FAE04EC0-301F-11D3-BF4B-00C04F79EFBC}") = "Collections", "Collections\Collections.csproj", "{184E3286-3392-45FC-945E-8782552B86DF}"
EndProject
Project("{FAE04EC0-301F-11D3-BF4B-00C04F79EFBC}") = "Collections.lib", "Collections.lib\Collections.lib.csproj", "{69BD4D30-71A7-4EEB-8ABF-D74CACB8C6D0}"
EndProject
Project("{FAE04EC0-301F-11D3-BF4B-00C04F79EFBC}") = "MyListUnitTest", "Test\MyListUnitTest.csproj", "{925EE180-7553-41A7-9E6D-204AC445E981}"
EndProject
Global
	GlobalSection(SolutionConfigurationPlatforms) = preSolution
		Debug|Any CPU = Debug|Any CPU
		Release|Any CPU = Release|Any CPU
	EndGlobalSection
	GlobalSection(ProjectConfigurationPlatforms) = postSolution
		{184E3286-3392-45FC-945E-8782552B86DF}.Debug|Any CPU.ActiveCfg = Debug|Any CPU
		{184E3286-3392-45FC-945E-8782552B86DF}.Debug|Any CPU.Build.0 = Debug|Any CPU
		{184E3286-3392-45FC-945E-8782552B86DF}.Release|Any CPU.ActiveCfg = Release|Any CPU
		{184E3286-3392-45FC-945E-8782552B86DF}.Release|Any CPU.Build.0 = Release|Any CPU
		{69BD4D30-71A7-4EEB-8ABF-D74CACB8C6D0}.Debug|Any CPU.ActiveCfg = Debug|Any CPU
		{69BD4D30-71A7-4EEB-8ABF-D74CACB8C6D0}.Debug|Any CPU.Build.0 = Debug|Any CPU
		{69BD4D30-71A7-4EEB-8ABF-D74CACB8C6D0}.Release|Any CPU.ActiveCfg = Release|Any CPU
		{69BD4D30-71A7-4EEB-8ABF-D74CACB8C6D0}.Release|Any CPU.Build.0 = Release|Any CPU
		{925EE180-7553-41A7-9E6D-204AC445E981}.Debug|Any CPU.ActiveCfg = Debug|Any CPU
		{925EE180-7553-41A7-9E6D-204AC445E981}.Debug|Any CPU.Build.0 = Debug|Any CPU
		{925EE180-7553-41A7-9E6D-204AC445E981}.Release|Any CPU.ActiveCfg = Release|Any CPU
		{925EE180-7553-41A7-9E6D-204AC445E981}.Release|Any CPU.Build.0 = Release|Any CPU
	EndGlobalSection
	GlobalSection(SolutionProperties) = preSolution
		HideSolutionNode = FALSE
	EndGlobalSection
	GlobalSection(ExtensibilityGlobals) = postSolution
		SolutionGuid = {8CC7AE57-0D9A-45C5-80D8-D1C8A67AB394}
	EndGlobalSection
EndGlobal
